
Microsoft Visual Studio Solution File, Format Version 12.00
# Visual Studio Version 16
VisualStudioVersion = 16.0.29215.179
MinimumVisualStudioVersion = 10.0.40219.1
Project("{888888A0-9F3D-457C-B088-3A5042F75D52}") = "Labaratory1", "Labaratory1.pyproj", "{72DB3948-1B66-4480-9B4A-850FA7810082}"
EndProject
Global
	GlobalSection(SolutionConfigurationPlatforms) = preSolution
		Debug|Any CPU = Debug|Any CPU
		Release|Any CPU = Release|Any CPU
	EndGlobalSection
	GlobalSection(ProjectConfigurationPlatforms) = postSolution
		{72DB3948-1B66-4480-9B4A-850FA7810082}.Debug|Any CPU.ActiveCfg = Debug|Any CPU
		{72DB3948-1B66-4480-9B4A-850FA7810082}.Release|Any CPU.ActiveCfg = Release|Any CPU
	EndGlobalSection
	GlobalSection(SolutionProperties) = preSolution
		HideSolutionNode = FALSE
	EndGlobalSection
	GlobalSection(ExtensibilityGlobals) = postSolution
		SolutionGuid = {A736BEA1-CC2F-46B3-92B9-E8740DA4FF5C}
	EndGlobalSection
EndGlobal
